// !$*UTF8*$!
{
	archiveVersion = 1;
	classes = {
	};
	objectVersion = 55;
	objects = {

/* Begin PBXBuildFile section */
		3CA527E6280CC1AE00980DE6 /* AppDelegate.swift in Sources */ = {isa = PBXBuildFile; fileRef = 3CA527E5280CC1AE00980DE6 /* AppDelegate.swift */; };
		3CA527E8280CC1AE00980DE6 /* SceneDelegate.swift in Sources */ = {isa = PBXBuildFile; fileRef = 3CA527E7280CC1AE00980DE6 /* SceneDelegate.swift */; };
		3CA527EA280CC1AE00980DE6 /* ViewController.swift in Sources */ = {isa = PBXBuildFile; fileRef = 3CA527E9280CC1AE00980DE6 /* ViewController.swift */; };
		3CA527ED280CC1AE00980DE6 /* Main.storyboard in Resources */ = {isa = PBXBuildFile; fileRef = 3CA527EB280CC1AE00980DE6 /* Main.storyboard */; };
		3CA527F0280CC1AE00980DE6 /* HackingWithSwift_Project4.xcdatamodeld in Sources */ = {isa = PBXBuildFile; fileRef = 3CA527EE280CC1AE00980DE6 /* HackingWithSwift_Project4.xcdatamodeld */; };
		3CA527F2280CC1B100980DE6 /* Assets.xcassets in Resources */ = {isa = PBXBuildFile; fileRef = 3CA527F1280CC1B100980DE6 /* Assets.xcassets */; };
		3CA527F5280CC1B100980DE6 /* LaunchScreen.storyboard in Resources */ = {isa = PBXBuildFile; fileRef = 3CA527F3280CC1B100980DE6 /* LaunchScreen.storyboard */; };
/* End PBXBuildFile section */

/* Begin PBXFileReference section */
		3CA527E2280CC1AE00980DE6 /* HackingWithSwift-Project4.app */ = {isa = PBXFileReference; explicitFileType = wrapper.application; includeInIndex = 0; path = "HackingWithSwift-Project4.app"; sourceTree = BUILT_PRODUCTS_DIR; };
		3CA527E5280CC1AE00980DE6 /* AppDelegate.swift */ = {isa = PBXFileReference; lastKnownFileType = sourcecode.swift; path = AppDelegate.swift; sourceTree = "<group>"; };
		3CA527E7280CC1AE00980DE6 /* SceneDelegate.swift */ = {isa = PBXFileReference; lastKnownFileType = sourcecode.swift; path = SceneDelegate.swift; sourceTree = "<group>"; };
		3CA527E9280CC1AE00980DE6 /* ViewController.swift */ = {isa = PBXFileReference; lastKnownFileType = sourcecode.swift; path = ViewController.swift; sourceTree = "<group>"; };
		3CA527EC280CC1AE00980DE6 /* Base */ = {isa = PBXFileReference; lastKnownFileType = file.storyboard; name = Base; path = Base.lproj/Main.storyboard; sourceTree = "<group>"; };
		3CA527EF280CC1AE00980DE6 /* HackingWithSwift_Project4.xcdatamodel */ = {isa = PBXFileReference; lastKnownFileType = wrapper.xcdatamodel; path = HackingWithSwift_Project4.xcdatamodel; sourceTree = "<group>"; };
		3CA527F1280CC1B100980DE6 /* Assets.xcassets */ = {isa = PBXFileReference; lastKnownFileType = folder.assetcatalog; path = Assets.xcassets; sourceTree = "<group>"; };
		3CA527F4280CC1B100980DE6 /* Base */ = {isa = PBXFileReference; lastKnownFileType = file.storyboard; name = Base; path = Base.lproj/LaunchScreen.storyboard; sourceTree = "<group>"; };
		3CA527F6280CC1B100980DE6 /* Info.plist */ = {isa = PBXFileReference; lastKnownFileType = text.plist.xml; path = Info.plist; sourceTree = "<group>"; };
/* End PBXFileReference section */

/* Begin PBXFrameworksBuildPhase section */
		3CA527DF280CC1AE00980DE6 /* Frameworks */ = {
			isa = PBXFrameworksBuildPhase;
			buildActionMask = 2147483647;
			files = (
			);
			runOnlyForDeploymentPostprocessing = 0;
		};
/* End PBXFrameworksBuildPhase section */

/* Begin PBXGroup section */
		3CA527D9280CC1AE00980DE6 = {
			isa = PBXGroup;
			children = (
				3CA527E4280CC1AE00980DE6 /* HackingWithSwift-Project4 */,
				3CA527E3280CC1AE00980DE6 /* Products */,
			);
			sourceTree = "<group>";
		};
		3CA527E3280CC1AE00980DE6 /* Products */ = {
			isa = PBXGroup;
			children = (
				3CA527E2280CC1AE00980DE6 /* HackingWithSwift-Project4.app */,
			);
			name = Products;
			sourceTree = "<group>";
		};
		3CA527E4280CC1AE00980DE6 /* HackingWithSwift-Project4 */ = {
			isa = PBXGroup;
			children = (
				3CA527E5280CC1AE00980DE6 /* AppDelegate.swift */,
				3CA527E7280CC1AE00980DE6 /* SceneDelegate.swift */,
				3CA527E9280CC1AE00980DE6 /* ViewController.swift */,
				3CA527EB280CC1AE00980DE6 /* Main.storyboard */,
				3CA527F1280CC1B100980DE6 /* Assets.xcassets */,
				3CA527F3280CC1B100980DE6 /* LaunchScreen.storyboard */,
				3CA527F6280CC1B100980DE6 /* Info.plist */,
				3CA527EE280CC1AE00980DE6 /* HackingWithSwift_Project4.xcdatamodeld */,
			);
			path = "HackingWithSwift-Project4";
			sourceTree = "<group>";
		};
/* End PBXGroup section */

/* Begin PBXNativeTarget section */
		3CA527E1280CC1AE00980DE6 /* HackingWithSwift-Project4 */ = {
			isa = PBXNativeTarget;
			buildConfigurationList = 3CA527F9280CC1B100980DE6 /* Build configuration list for PBXNativeTarget "HackingWithSwift-Project4" */;
			buildPhases = (
				3CA527DE280CC1AE00980DE6 /* Sources */,
				3CA527DF280CC1AE00980DE6 /* Frameworks */,
				3CA527E0280CC1AE00980DE6 /* Resources */,
			);
			buildRules = (
			);
			dependencies = (
			);
			name = "HackingWithSwift-Project4";
			productName = "HackingWithSwift-Project4";
			productReference = 3CA527E2280CC1AE00980DE6 /* HackingWithSwift-Project4.app */;
			productType = "com.apple.product-type.application";
		};
/* End PBXNativeTarget section */

/* Begin PBXProject section */
		3CA527DA280CC1AE00980DE6 /* Project object */ = {
			isa = PBXProject;
			attributes = {
				BuildIndependentTargetsInParallel = 1;
				LastSwiftUpdateCheck = 1320;
				LastUpgradeCheck = 1320;
				TargetAttributes = {
					3CA527E1280CC1AE00980DE6 = {
						CreatedOnToolsVersion = 13.2.1;
					};
				};
			};
			buildConfigurationList = 3CA527DD280CC1AE00980DE6 /* Build configuration list for PBXProject "HackingWithSwift-Project4" */;
			compatibilityVersion = "Xcode 13.0";
			developmentRegion = en;
			hasScannedForEncodings = 0;
			knownRegions = (
				en,
				Base,
			);
			mainGroup = 3CA527D9280CC1AE00980DE6;
			productRefGroup = 3CA527E3280CC1AE00980DE6 /* Products */;
			projectDirPath = "";
			projectRoot = "";
			targets = (
				3CA527E1280CC1AE00980DE6 /* HackingWithSwift-Project4 */,
			);
		};
/* End PBXProject section */

/* Begin PBXResourcesBuildPhase section */
		3CA527E0280CC1AE00980DE6 /* Resources */ = {
			isa = PBXResourcesBuildPhase;
			buildActionMask = 2147483647;
			files = (
				3CA527F5280CC1B100980DE6 /* LaunchScreen.storyboard in Resources */,
				3CA527F2280CC1B100980DE6 /* Assets.xcassets in Resources */,
				3CA527ED280CC1AE00980DE6 /* Main.storyboard in Resources */,
			);
			runOnlyForDeploymentPostprocessing = 0;
		};
/* End PBXResourcesBuildPhase section */

/* Begin PBXSourcesBuildPhase section */
		3CA527DE280CC1AE00980DE6 /* Sources */ = {
			isa = PBXSourcesBuildPhase;
			buildActionMask = 2147483647;
			files = (
				3CA527EA280CC1AE00980DE6 /* ViewController.swift in Sources */,
				3CA527E6280CC1AE00980DE6 /* AppDelegate.swift in Sources */,
				3CA527F0280CC1AE00980DE6 /* HackingWithSwift_Project4.xcdatamodeld in Sources */,
				3CA527E8280CC1AE00980DE6 /* SceneDelegate.swift in Sources */,
			);
			runOnlyForDeploymentPostprocessing = 0;
		};
/* End PBXSourcesBuildPhase section */

/* Begin PBXVariantGroup section */
		3CA527EB280CC1AE00980DE6 /* Main.storyboard */ = {
			isa = PBXVariantGroup;
			children = (
				3CA527EC280CC1AE00980DE6 /* Base */,
			);
			name = Main.storyboard;
			sourceTree = "<group>";
		};
		3CA527F3280CC1B100980DE6 /* LaunchScreen.storyboard */ = {
			isa = PBXVariantGroup;
			children = (
				3CA527F4280CC1B100980DE6 /* Base */,
			);
			name = LaunchScreen.storyboard;
			sourceTree = "<group>";
		};
/* End PBXVariantGroup section */

/* Begin XCBuildConfiguration section */
		3CA527F7280CC1B100980DE6 /* Debug */ = {
			isa = XCBuildConfiguration;
			buildSettings = {
				ALWAYS_SEARCH_USER_PATHS = NO;
				CLANG_ANALYZER_NONNULL = YES;
				CLANG_ANALYZER_NUMBER_OBJECT_CONVERSION = YES_AGGRESSIVE;
				CLANG_CXX_LANGUAGE_STANDARD = "gnu++17";
				CLANG_CXX_LIBRARY = "libc++";
				CLANG_ENABLE_MODULES = YES;
				CLANG_ENABLE_OBJC_ARC = YES;
				CLANG_ENABLE_OBJC_WEAK = YES;
				CLANG_WARN_BLOCK_CAPTURE_AUTORELEASING = YES;
				CLANG_WARN_BOOL_CONVERSION = YES;
				CLANG_WARN_COMMA = YES;
				CLANG_WARN_CONSTANT_CONVERSION = YES;
				CLANG_WARN_DEPRECATED_OBJC_IMPLEMENTATIONS = YES;
				CLANG_WARN_DIRECT_OBJC_ISA_USAGE = YES_ERROR;
				CLANG_WARN_DOCUMENTATION_COMMENTS = YES;
				CLANG_WARN_EMPTY_BODY = YES;
				CLANG_WARN_ENUM_CONVERSION = YES;
				CLANG_WARN_INFINITE_RECURSION = YES;
				CLANG_WARN_INT_CONVERSION = YES;
				CLANG_WARN_NON_LITERAL_NULL_CONVERSION = YES;
				CLANG_WARN_OBJC_IMPLICIT_RETAIN_SELF = YES;
				CLANG_WARN_OBJC_LITERAL_CONVERSION = YES;
				CLANG_WARN_OBJC_ROOT_CLASS = YES_ERROR;
				CLANG_WARN_QUOTED_INCLUDE_IN_FRAMEWORK_HEADER = YES;
				CLANG_WARN_RANGE_LOOP_ANALYSIS = YES;
				CLANG_WARN_STRICT_PROTOTYPES = YES;
				CLANG_WARN_SUSPICIOUS_MOVE = YES;
				CLANG_WARN_UNGUARDED_AVAILABILITY = YES_AGGRESSIVE;
				CLANG_WARN_UNREACHABLE_CODE = YES;
				CLANG_WARN__DUPLICATE_METHOD_MATCH = YES;
				COPY_PHASE_STRIP = NO;
				DEBUG_INFORMATION_FORMAT = dwarf;
				ENABLE_STRICT_OBJC_MSGSEND = YES;
				ENABLE_TESTABILITY = YES;
				GCC_C_LANGUAGE_STANDARD = gnu11;
				GCC_DYNAMIC_NO_PIC = NO;
				GCC_NO_COMMON_BLOCKS = YES;
				GCC_OPTIMIZATION_LEVEL = 0;
				GCC_PREPROCESSOR_DEFINITIONS = (
					"DEBUG=1",
					"$(inherited)",
				);
				GCC_WARN_64_TO_32_BIT_CONVERSION = YES;
				GCC_WARN_ABOUT_RETURN_TYPE = YES_ERROR;
				GCC_WARN_UNDECLARED_SELECTOR = YES;
				GCC_WARN_UNINITIALIZED_AUTOS = YES_AGGRESSIVE;
				GCC_WARN_UNUSED_FUNCTION = YES;
				GCC_WARN_UNUSED_VARIABLE = YES;
				IPHONEOS_DEPLOYMENT_TARGET = 15.2;
				MTL_ENABLE_DEBUG_INFO = INCLUDE_SOURCE;
				MTL_FAST_MATH = YES;
				ONLY_ACTIVE_ARCH = YES;
				SDKROOT = iphoneos;
				SWIFT_ACTIVE_COMPILATION_CONDITIONS = DEBUG;
				SWIFT_OPTIMIZATION_LEVEL = "-Onone";
			};
			name = Debug;
		};
		3CA527F8280CC1B100980DE6 /* Release */ = {
			isa = XCBuildConfiguration;
			buildSettings = {
				ALWAYS_SEARCH_USER_PATHS = NO;
				CLANG_ANALYZER_NONNULL = YES;
				CLANG_ANALYZER_NUMBER_OBJECT_CONVERSION = YES_AGGRESSIVE;
				CLANG_CXX_LANGUAGE_STANDARD = "gnu++17";
				CLANG_CXX_LIBRARY = "libc++";
				CLANG_ENABLE_MODULES = YES;
				CLANG_ENABLE_OBJC_ARC = YES;
				CLANG_ENABLE_OBJC_WEAK = YES;
				CLANG_WARN_BLOCK_CAPTURE_AUTORELEASING = YES;
				CLANG_WARN_BOOL_CONVERSION = YES;
				CLANG_WARN_COMMA = YES;
				CLANG_WARN_CONSTANT_CONVERSION = YES;
				CLANG_WARN_DEPRECATED_OBJC_IMPLEMENTATIONS = YES;
				CLANG_WARN_DIRECT_OBJC_ISA_USAGE = YES_ERROR;
				CLANG_WARN_DOCUMENTATION_COMMENTS = YES;
				CLANG_WARN_EMPTY_BODY = YES;
				CLANG_WARN_ENUM_CONVERSION = YES;
				CLANG_WARN_INFINITE_RECURSION = YES;
				CLANG_WARN_INT_CONVERSION = YES;
				CLANG_WARN_NON_LITERAL_NULL_CONVERSION = YES;
				CLANG_WARN_OBJC_IMPLICIT_RETAIN_SELF = YES;
				CLANG_WARN_OBJC_LITERAL_CONVERSION = YES;
				CLANG_WARN_OBJC_ROOT_CLASS = YES_ERROR;
				CLANG_WARN_QUOTED_INCLUDE_IN_FRAMEWORK_HEADER = YES;
				CLANG_WARN_RANGE_LOOP_ANALYSIS = YES;
				CLANG_WARN_STRICT_PROTOTYPES = YES;
				CLANG_WARN_SUSPICIOUS_MOVE = YES;
				CLANG_WARN_UNGUARDED_AVAILABILITY = YES_AGGRESSIVE;
				CLANG_WARN_UNREACHABLE_CODE = YES;
				CLANG_WARN__DUPLICATE_METHOD_MATCH = YES;
				COPY_PHASE_STRIP = NO;
				DEBUG_INFORMATION_FORMAT = "dwarf-with-dsym";
				ENABLE_NS_ASSERTIONS = NO;
				ENABLE_STRICT_OBJC_MSGSEND = YES;
				GCC_C_LANGUAGE_STANDARD = gnu11;
				GCC_NO_COMMON_BLOCKS = YES;
				GCC_WARN_64_TO_32_BIT_CONVERSION = YES;
				GCC_WARN_ABOUT_RETURN_TYPE = YES_ERROR;
				GCC_WARN_UNDECLARED_SELECTOR = YES;
				GCC_WARN_UNINITIALIZED_AUTOS = YES_AGGRESSIVE;
				GCC_WARN_UNUSED_FUNCTION = YES;
				GCC_WARN_UNUSED_VARIABLE = YES;
				IPHONEOS_DEPLOYMENT_TARGET = 15.2;
				MTL_ENABLE_DEBUG_INFO = NO;
				MTL_FAST_MATH = YES;
				SDKROOT = iphoneos;
				SWIFT_COMPILATION_MODE = wholemodule;
				SWIFT_OPTIMIZATION_LEVEL = "-O";
				VALIDATE_PRODUCT = YES;
			};
			name = Release;
		};
		3CA527FA280CC1B100980DE6 /* Debug */ = {
			isa = XCBuildConfiguration;
			buildSettings = {
				ASSETCATALOG_COMPILER_APPICON_NAME = AppIcon;
				ASSETCATALOG_COMPILER_GLOBAL_ACCENT_COLOR_NAME = AccentColor;
				CODE_SIGN_STYLE = Automatic;
				CURRENT_PROJECT_VERSION = 1;
				DEVELOPMENT_TEAM = QF45VK8X4G;
				GENERATE_INFOPLIST_FILE = YES;
				INFOPLIST_FILE = "HackingWithSwift-Project4/Info.plist";
				INFOPLIST_KEY_UIApplicationSupportsIndirectInputEvents = YES;
				INFOPLIST_KEY_UILaunchStoryboardName = LaunchScreen;
				INFOPLIST_KEY_UIMainStoryboardFile = Main;
				INFOPLIST_KEY_UISupportedInterfaceOrientations_iPad = "UIInterfaceOrientationPortrait UIInterfaceOrientationPortraitUpsideDown UIInterfaceOrientationLandscapeLeft UIInterfaceOrientationLandscapeRight";
				INFOPLIST_KEY_UISupportedInterfaceOrientations_iPhone = "UIInterfaceOrientationPortrait UIInterfaceOrientationLandscapeLeft UIInterfaceOrientationLandscapeRight";
				LD_RUNPATH_SEARCH_PATHS = (
					"$(inherited)",
					"@executable_path/Frameworks",
				);
				MARKETING_VERSION = 1.0;
				PRODUCT_BUNDLE_IDENTIFIER = "com.ahuja.abhishek.HackingWithSwift-Project4";
				PRODUCT_NAME = "$(TARGET_NAME)";
				SWIFT_EMIT_LOC_STRINGS = YES;
				SWIFT_VERSION = 5.0;
				TARGETED_DEVICE_FAMILY = "1,2";
			};
			name = Debug;
		};
		3CA527FB280CC1B100980DE6 /* Release */ = {
			isa = XCBuildConfiguration;
			buildSettings = {
				ASSETCATALOG_COMPILER_APPICON_NAME = AppIcon;
				ASSETCATALOG_COMPILER_GLOBAL_ACCENT_COLOR_NAME = AccentColor;
				CODE_SIGN_STYLE = Automatic;
				CURRENT_PROJECT_VERSION = 1;
				DEVELOPMENT_TEAM = QF45VK8X4G;
				GENERATE_INFOPLIST_FILE = YES;
				INFOPLIST_FILE = "HackingWithSwift-Project4/Info.plist";
				INFOPLIST_KEY_UIApplicationSupportsIndirectInputEvents = YES;
				INFOPLIST_KEY_UILaunchStoryboardName = LaunchScreen;
				INFOPLIST_KEY_UIMainStoryboardFile = Main;
				INFOPLIST_KEY_UISupportedInterfaceOrientations_iPad = "UIInterfaceOrientationPortrait UIInterfaceOrientationPortraitUpsideDown UIInterfaceOrientationLandscapeLeft UIInterfaceOrientationLandscapeRight";
				INFOPLIST_KEY_UISupportedInterfaceOrientations_iPhone = "UIInterfaceOrientationPortrait UIInterfaceOrientationLandscapeLeft UIInterfaceOrientationLandscapeRight";
				LD_RUNPATH_SEARCH_PATHS = (
					"$(inherited)",
					"@executable_path/Frameworks",
				);
				MARKETING_VERSION = 1.0;
				PRODUCT_BUNDLE_IDENTIFIER = "com.ahuja.abhishek.HackingWithSwift-Project4";
				PRODUCT_NAME = "$(TARGET_NAME)";
				SWIFT_EMIT_LOC_STRINGS = YES;
				SWIFT_VERSION = 5.0;
				TARGETED_DEVICE_FAMILY = "1,2";
			};
			name = Release;
		};
/* End XCBuildConfiguration section */

/* Begin XCConfigurationList section */
		3CA527DD280CC1AE00980DE6 /* Build configuration list for PBXProject "HackingWithSwift-Project4" */ = {
			isa = XCConfigurationList;
			buildConfigurations = (
				3CA527F7280CC1B100980DE6 /* Debug */,
				3CA527F8280CC1B100980DE6 /* Release */,
			);
			defaultConfigurationIsVisible = 0;
			defaultConfigurationName = Release;
		};
		3CA527F9280CC1B100980DE6 /* Build configuration list for PBXNativeTarget "HackingWithSwift-Project4" */ = {
			isa = XCConfigurationList;
			buildConfigurations = (
				3CA527FA280CC1B100980DE6 /* Debug */,
				3CA527FB280CC1B100980DE6 /* Release */,
			);
			defaultConfigurationIsVisible = 0;
			defaultConfigurationName = Release;
		};
/* End XCConfigurationList section */

/* Begin XCVersionGroup section */
		3CA527EE280CC1AE00980DE6 /* HackingWithSwift_Project4.xcdatamodeld */ = {
			isa = XCVersionGroup;
			children = (
				3CA527EF280CC1AE00980DE6 /* HackingWithSwift_Project4.xcdatamodel */,
			);
			currentVersion = 3CA527EF280CC1AE00980DE6 /* HackingWithSwift_Project4.xcdatamodel */;
			path = HackingWithSwift_Project4.xcdatamodeld;
			sourceTree = "<group>";
			versionGroupType = wrapper.xcdatamodel;
		};
/* End XCVersionGroup section */
	};
	rootObject = 3CA527DA280CC1AE00980DE6 /* Project object */;
}
